// !$*UTF8*$!
{
	archiveVersion = 1;
	classes = {
	};
	objectVersion = 46;
	objects = {

/* Begin PBXBuildFile section */
		F305A5F11E8CFAAC00890EED /* HubModuleWirelessTransceiverComponent.c in Sources */ = {isa = PBXBuildFile; fileRef = F305A5EF1E8CFAAC00890EED /* HubModuleWirelessTransceiverComponent.c */; };
		F308E5BB1E7E61360011F892 /* HubModuleKeyboardComponent.c in Sources */ = {isa = PBXBuildFile; fileRef = F308E5B91E7E61360011F892 /* HubModuleKeyboardComponent.c */; };
		F30DE0591EBB4B5100C6F845 /* HubDebuggerComponent.c in Sources */ = {isa = PBXBuildFile; fileRef = F30DE0571EBB4B5100C6F845 /* HubDebuggerComponent.c */; };
		F317030D1E0BA3E000476E7A /* assets in Resources */ = {isa = PBXBuildFile; fileRef = F317030C1E0BA3E000476E7A /* assets */; };
		F31CB6491E7FD04300C85B0D /* HubModuleWirelessTransceiver.c in Sources */ = {isa = PBXBuildFile; fileRef = F31CB6471E7FD04300C85B0D /* HubModuleWirelessTransceiver.c */; };
		F32039A11E845BDA00280DC9 /* HubModuleWirelessTransceiver.m in Sources */ = {isa = PBXBuildFile; fileRef = F32039A01E845BDA00280DC9 /* HubModuleWirelessTransceiver.m */; };
		F32039A41E87BE4500280DC9 /* HubArchDebuggingTests.m in Sources */ = {isa = PBXBuildFile; fileRef = F32039A31E87BE4500280DC9 /* HubArchDebuggingTests.m */; };
		F32039A71E8A788300280DC9 /* HubModuleDisplayComponent.c in Sources */ = {isa = PBXBuildFile; fileRef = F32039A51E8A788300280DC9 /* HubModuleDisplayComponent.c */; };
		F341E9341E04454000581CF8 /* HubArchScheduler.c in Sources */ = {isa = PBXBuildFile; fileRef = F341E9321E04454000581CF8 /* HubArchScheduler.c */; };
		F34877021DDC2E500068844D /* main.c in Sources */ = {isa = PBXBuildFile; fileRef = F34877011DDC2E500068844D /* main.c */; };
		F34877041DDC2E500068844D /* Assets.xcassets in Resources */ = {isa = PBXBuildFile; fileRef = F34877031DDC2E500068844D /* Assets.xcassets */; };
		F34877441DDC52E50068844D /* Blob2D.framework in Frameworks */ = {isa = PBXBuildFile; fileRef = F34877411DDC52CE0068844D /* Blob2D.framework */; };
		F34877551DDC54DD0068844D /* Blob2D.framework in Copy Frameworks */ = {isa = PBXBuildFile; fileRef = F34877411DDC52CE0068844D /* Blob2D.framework */; settings = {ATTRIBUTES = (CodeSignOnCopy, RemoveHeadersOnCopy, ); }; };
		F34877EC1DDC6BCD0068844D /* HubArchAssembly.c in Sources */ = {isa = PBXBuildFile; fileRef = F34877EA1DDC6BCD0068844D /* HubArchAssembly.c */; };
		F34877F41DDC73A50068844D /* HubArchAssemblyTests.m in Sources */ = {isa = PBXBuildFile; fileRef = F34877F31DDC73A40068844D /* HubArchAssemblyTests.m */; };
		F34877F91DDC757E0068844D /* Blob2D.framework in Frameworks */ = {isa = PBXBuildFile; fileRef = F34877411DDC52CE0068844D /* Blob2D.framework */; };
		F34877FA1DDC75820068844D /* CommonC.framework in Frameworks */ = {isa = PBXBuildFile; fileRef = F34877491DDC53150068844D /* CommonC.framework */; };
		F34877FB1DDC75850068844D /* CommonGameKit.framework in Frameworks */ = {isa = PBXBuildFile; fileRef = F348774B1DDC53190068844D /* CommonGameKit.framework */; };
		F34877FE1DDDFBF80068844D /* HubArchBinary.c in Sources */ = {isa = PBXBuildFile; fileRef = F34877FC1DDDFBF80068844D /* HubArchBinary.c */; };
		F34878011DE201FE0068844D /* HubArchInstruction.c in Sources */ = {isa = PBXBuildFile; fileRef = F34877FF1DE201FE0068844D /* HubArchInstruction.c */; };
		F34967FD1E219DC300801704 /* HubModuleComponent.c in Sources */ = {isa = PBXBuildFile; fileRef = F34967FB1E219DC300801704 /* HubModuleComponent.c */; };
		F34BB7DC1E4BE0DF00DEE072 /* HubModuleKeyboardTests.m in Sources */ = {isa = PBXBuildFile; fileRef = F34BB7DB1E4BE0DF00DEE072 /* HubModuleKeyboardTests.m */; };
		F3653F881E5A963E002AB66D /* HubModuleDisplay.c in Sources */ = {isa = PBXBuildFile; fileRef = F3653F861E5A963E002AB66D /* HubModuleDisplay.c */; };
		F3653F971E600A51002AB66D /* HubModuleDisplayTests.m in Sources */ = {isa = PBXBuildFile; fileRef = F3653F961E600A51002AB66D /* HubModuleDisplayTests.m */; };
		F36955011E48A6A000135AF0 /* HubModuleKeyboard.c in Sources */ = {isa = PBXBuildFile; fileRef = F36954FF1E48A6A000135AF0 /* HubModuleKeyboard.c */; };
		F36EBADC1E194E3000FB308B /* HubModuleDebug.c in Sources */ = {isa = PBXBuildFile; fileRef = F36EBADA1E194E3000FB308B /* HubModuleDebug.c */; };
		F388286C1E9B9CA500E6D7A3 /* HubArchExpressions.c in Sources */ = {isa = PBXBuildFile; fileRef = F388286A1E9B9CA500E6D7A3 /* HubArchExpressions.c */; };
		F3C5664E1E0FB3C100A32123 /* HubProcessorComponent.c in Sources */ = {isa = PBXBuildFile; fileRef = F3C5664C1E0FB3C000A32123 /* HubProcessorComponent.c */; };
		F3C566511E0FCD1400A32123 /* HubSystem.c in Sources */ = {isa = PBXBuildFile; fileRef = F3C5664F1E0FCD1400A32123 /* HubSystem.c */; };
		F3DBAA201DF3C1F400AFF30A /* HubArchPort.c in Sources */ = {isa = PBXBuildFile; fileRef = F3DBAA1F1DF3C1F400AFF30A /* HubArchPort.c */; };
		F3E8BDFC1E33D670002523DF /* HubModule.c in Sources */ = {isa = PBXBuildFile; fileRef = F3E8BDFA1E33D670002523DF /* HubModule.c */; };
		F3ECD0041E0B4236007343C2 /* CommonGameKit.framework in Frameworks */ = {isa = PBXBuildFile; fileRef = F348774B1DDC53190068844D /* CommonGameKit.framework */; };
		F3ECD0051E0B423B007343C2 /* CommonC.framework in Frameworks */ = {isa = PBXBuildFile; fileRef = F34877491DDC53150068844D /* CommonC.framework */; };
		F3F4922F1DE6E5B30046A391 /* HubArchProcessor.c in Sources */ = {isa = PBXBuildFile; fileRef = F3F4922D1DE6E5B30046A391 /* HubArchProcessor.c */; };
		F3F492321DE79C5F0046A391 /* HubArchInstructionTests.m in Sources */ = {isa = PBXBuildFile; fileRef = F3F492311DE79C5F0046A391 /* HubArchInstructionTests.m */; };
/* End PBXBuildFile section */

/* Begin PBXContainerItemProxy section */
		F348770E1DDC2E500068844D /* PBXContainerItemProxy */ = {
			isa = PBXContainerItemProxy;
			containerPortal = F34876F21DDC2E500068844D /* Project object */;
			proxyType = 1;
			remoteGlobalIDString = F34876F91DDC2E500068844D;
			remoteInfo = HackingGame;
		};
		F34877191DDC2E500068844D /* PBXContainerItemProxy */ = {
			isa = PBXContainerItemProxy;
			containerPortal = F34876F21DDC2E500068844D /* Project object */;
			proxyType = 1;
			remoteGlobalIDString = F34876F91DDC2E500068844D;
			remoteInfo = HackingGame;
		};
		F34877401DDC52CE0068844D /* PBXContainerItemProxy */ = {
			isa = PBXContainerItemProxy;
			containerPortal = F34877361DDC52CD0068844D /* Blob2D.xcodeproj */;
			proxyType = 2;
			remoteGlobalIDString = F33F1FF21DDAE16200264034;
			remoteInfo = Blob2D;
		};
		F34877421DDC52CE0068844D /* PBXContainerItemProxy */ = {
			isa = PBXContainerItemProxy;
			containerPortal = F34877361DDC52CD0068844D /* Blob2D.xcodeproj */;
			proxyType = 2;
			remoteGlobalIDString = F33F1FFC1DDAE16200264034;
			remoteInfo = Blob2DTests;
		};
		F348774D1DDC53220068844D /* PBXContainerItemProxy */ = {
			isa = PBXContainerItemProxy;
			containerPortal = F34877361DDC52CD0068844D /* Blob2D.xcodeproj */;
			proxyType = 1;
			remoteGlobalIDString = F33F1FF11DDAE16200264034;
			remoteInfo = Blob2D;
		};
/* End PBXContainerItemProxy section */

/* Begin PBXCopyFilesBuildPhase section */
		F34877541DDC54CF0068844D /* Copy Frameworks */ = {
			isa = PBXCopyFilesBuildPhase;
			buildActionMask = 2147483647;
			dstPath = "";
			dstSubfolderSpec = 10;
			files = (
				F34877551DDC54DD0068844D /* Blob2D.framework in Copy Frameworks */,
			);
			name = "Copy Frameworks";
			runOnlyForDeploymentPostprocessing = 0;
		};
/* End PBXCopyFilesBuildPhase section */

/* Begin PBXFileReference section */
		F305A5EF1E8CFAAC00890EED /* HubModuleWirelessTransceiverComponent.c */ = {isa = PBXFileReference; fileEncoding = 4; lastKnownFileType = sourcecode.c.c; path = HubModuleWirelessTransceiverComponent.c; sourceTree = "<group>"; };
		F305A5F01E8CFAAC00890EED /* HubModuleWirelessTransceiverComponent.h */ = {isa = PBXFileReference; fileEncoding = 4; lastKnownFileType = sourcecode.c.h; path = HubModuleWirelessTransceiverComponent.h; sourceTree = "<group>"; };
		F308E5B91E7E61360011F892 /* HubModuleKeyboardComponent.c */ = {isa = PBXFileReference; fileEncoding = 4; lastKnownFileType = sourcecode.c.c; path = HubModuleKeyboardComponent.c; sourceTree = "<group>"; };
		F308E5BA1E7E61360011F892 /* HubModuleKeyboardComponent.h */ = {isa = PBXFileReference; fileEncoding = 4; lastKnownFileType = sourcecode.c.h; path = HubModuleKeyboardComponent.h; sourceTree = "<group>"; };
		F30DE0571EBB4B5100C6F845 /* HubDebuggerComponent.c */ = {isa = PBXFileReference; fileEncoding = 4; lastKnownFileType = sourcecode.c.c; path = HubDebuggerComponent.c; sourceTree = "<group>"; };
		F30DE0581EBB4B5100C6F845 /* HubDebuggerComponent.h */ = {isa = PBXFileReference; fileEncoding = 4; lastKnownFileType = sourcecode.c.h; path = HubDebuggerComponent.h; sourceTree = "<group>"; };
		F317030C1E0BA3E000476E7A /* assets */ = {isa = PBXFileReference; lastKnownFileType = folder; path = assets; sourceTree = "<group>"; };
		F31CB6471E7FD04300C85B0D /* HubModuleWirelessTransceiver.c */ = {isa = PBXFileReference; fileEncoding = 4; lastKnownFileType = sourcecode.c.c; path = HubModuleWirelessTransceiver.c; sourceTree = "<group>"; };
		F31CB6481E7FD04300C85B0D /* HubModuleWirelessTransceiver.h */ = {isa = PBXFileReference; fileEncoding = 4; lastKnownFileType = sourcecode.c.h; path = HubModuleWirelessTransceiver.h; sourceTree = "<group>"; };
		F32039A01E845BDA00280DC9 /* HubModuleWirelessTransceiver.m */ = {isa = PBXFileReference; fileEncoding = 4; lastKnownFileType = sourcecode.c.objc; path = HubModuleWirelessTransceiver.m; sourceTree = "<group>"; };
		F32039A31E87BE4500280DC9 /* HubArchDebuggingTests.m */ = {isa = PBXFileReference; fileEncoding = 4; lastKnownFileType = sourcecode.c.objc; path = HubArchDebuggingTests.m; sourceTree = "<group>"; };
		F32039A51E8A788300280DC9 /* HubModuleDisplayComponent.c */ = {isa = PBXFileReference; fileEncoding = 4; lastKnownFileType = sourcecode.c.c; path = HubModuleDisplayComponent.c; sourceTree = "<group>"; };
		F32039A61E8A788300280DC9 /* HubModuleDisplayComponent.h */ = {isa = PBXFileReference; fileEncoding = 4; lastKnownFileType = sourcecode.c.h; path = HubModuleDisplayComponent.h; sourceTree = "<group>"; };
		F341E9321E04454000581CF8 /* HubArchScheduler.c */ = {isa = PBXFileReference; fileEncoding = 4; lastKnownFileType = sourcecode.c.c; path = HubArchScheduler.c; sourceTree = "<group>"; };
		F341E9331E04454000581CF8 /* HubArchScheduler.h */ = {isa = PBXFileReference; fileEncoding = 4; lastKnownFileType = sourcecode.c.h; path = HubArchScheduler.h; sourceTree = "<group>"; };
		F34876FA1DDC2E500068844D /* HackingGame.app */ = {isa = PBXFileReference; explicitFileType = wrapper.application; includeInIndex = 0; path = HackingGame.app; sourceTree = BUILT_PRODUCTS_DIR; };
		F34877011DDC2E500068844D /* main.c */ = {isa = PBXFileReference; lastKnownFileType = sourcecode.c.c; path = main.c; sourceTree = "<group>"; };
		F34877031DDC2E500068844D /* Assets.xcassets */ = {isa = PBXFileReference; lastKnownFileType = folder.assetcatalog; name = Assets.xcassets; path = mac/Assets.xcassets; sourceTree = "<group>"; };
		F34877081DDC2E500068844D /* Info.plist */ = {isa = PBXFileReference; lastKnownFileType = text.plist.xml; name = Info.plist; path = mac/Info.plist; sourceTree = "<group>"; };
		F348770D1DDC2E500068844D /* HackingGameTests.xctest */ = {isa = PBXFileReference; explicitFileType = wrapper.cfbundle; includeInIndex = 0; path = HackingGameTests.xctest; sourceTree = BUILT_PRODUCTS_DIR; };
		F34877131DDC2E500068844D /* Info.plist */ = {isa = PBXFileReference; lastKnownFileType = text.plist.xml; path = Info.plist; sourceTree = "<group>"; };
		F34877181DDC2E500068844D /* HackingGameUITests.xctest */ = {isa = PBXFileReference; explicitFileType = wrapper.cfbundle; includeInIndex = 0; path = HackingGameUITests.xctest; sourceTree = BUILT_PRODUCTS_DIR; };
		F348771E1DDC2E500068844D /* Info.plist */ = {isa = PBXFileReference; lastKnownFileType = text.plist.xml; path = Info.plist; sourceTree = "<group>"; };
		F34877361DDC52CD0068844D /* Blob2D.xcodeproj */ = {isa = PBXFileReference; lastKnownFileType = "wrapper.pb-project"; name = Blob2D.xcodeproj; path = deps/Blob2D/Blob2D.xcodeproj; sourceTree = "<group>"; };
		F34877491DDC53150068844D /* CommonC.framework */ = {isa = PBXFileReference; lastKnownFileType = wrapper.framework; name = CommonC.framework; path = "../../../../../Library/Developer/Xcode/DerivedData/HackingGame-dapjzjsstgpfqweodgiviveajvxd/Build/Products/Debug/CommonC.framework"; sourceTree = "<group>"; };
		F348774B1DDC53190068844D /* CommonGameKit.framework */ = {isa = PBXFileReference; lastKnownFileType = wrapper.framework; name = CommonGameKit.framework; path = "../../../../../Library/Developer/Xcode/DerivedData/HackingGame-dapjzjsstgpfqweodgiviveajvxd/Build/Products/Debug/CommonGameKit.framework"; sourceTree = "<group>"; };
		F34877EA1DDC6BCD0068844D /* HubArchAssembly.c */ = {isa = PBXFileReference; fileEncoding = 4; lastKnownFileType = sourcecode.c.c; path = HubArchAssembly.c; sourceTree = "<group>"; };
		F34877EB1DDC6BCD0068844D /* HubArchAssembly.h */ = {isa = PBXFileReference; fileEncoding = 4; lastKnownFileType = sourcecode.c.h; path = HubArchAssembly.h; sourceTree = "<group>"; };
		F34877F31DDC73A40068844D /* HubArchAssemblyTests.m */ = {isa = PBXFileReference; fileEncoding = 4; lastKnownFileType = sourcecode.c.objc; path = HubArchAssemblyTests.m; sourceTree = "<group>"; };
		F34877FC1DDDFBF80068844D /* HubArchBinary.c */ = {isa = PBXFileReference; fileEncoding = 4; lastKnownFileType = sourcecode.c.c; path = HubArchBinary.c; sourceTree = "<group>"; };
		F34877FD1DDDFBF80068844D /* HubArchBinary.h */ = {isa = PBXFileReference; fileEncoding = 4; lastKnownFileType = sourcecode.c.h; path = HubArchBinary.h; sourceTree = "<group>"; };
		F34877FF1DE201FE0068844D /* HubArchInstruction.c */ = {isa = PBXFileReference; fileEncoding = 4; lastKnownFileType = sourcecode.c.c; path = HubArchInstruction.c; sourceTree = "<group>"; };
		F34878001DE201FE0068844D /* HubArchInstruction.h */ = {isa = PBXFileReference; fileEncoding = 4; lastKnownFileType = sourcecode.c.h; path = HubArchInstruction.h; sourceTree = "<group>"; };
		F34967FB1E219DC300801704 /* HubModuleComponent.c */ = {isa = PBXFileReference; fileEncoding = 4; lastKnownFileType = sourcecode.c.c; path = HubModuleComponent.c; sourceTree = "<group>"; };
		F34967FC1E219DC300801704 /* HubModuleComponent.h */ = {isa = PBXFileReference; fileEncoding = 4; lastKnownFileType = sourcecode.c.h; path = HubModuleComponent.h; sourceTree = "<group>"; };
		F34BB7DB1E4BE0DF00DEE072 /* HubModuleKeyboardTests.m */ = {isa = PBXFileReference; fileEncoding = 4; lastKnownFileType = sourcecode.c.objc; path = HubModuleKeyboardTests.m; sourceTree = "<group>"; };
		F3653F861E5A963E002AB66D /* HubModuleDisplay.c */ = {isa = PBXFileReference; fileEncoding = 4; lastKnownFileType = sourcecode.c.c; path = HubModuleDisplay.c; sourceTree = "<group>"; };
		F3653F871E5A963E002AB66D /* HubModuleDisplay.h */ = {isa = PBXFileReference; fileEncoding = 4; lastKnownFileType = sourcecode.c.h; path = HubModuleDisplay.h; sourceTree = "<group>"; };
		F3653F961E600A51002AB66D /* HubModuleDisplayTests.m */ = {isa = PBXFileReference; fileEncoding = 4; lastKnownFileType = sourcecode.c.objc; path = HubModuleDisplayTests.m; sourceTree = "<group>"; };
		F36954FF1E48A6A000135AF0 /* HubModuleKeyboard.c */ = {isa = PBXFileReference; fileEncoding = 4; lastKnownFileType = sourcecode.c.c; path = HubModuleKeyboard.c; sourceTree = "<group>"; };
		F36955001E48A6A000135AF0 /* HubModuleKeyboard.h */ = {isa = PBXFileReference; fileEncoding = 4; lastKnownFileType = sourcecode.c.h; path = HubModuleKeyboard.h; sourceTree = "<group>"; };
		F36EBADA1E194E3000FB308B /* HubModuleDebug.c */ = {isa = PBXFileReference; fileEncoding = 4; lastKnownFileType = sourcecode.c.c; path = HubModuleDebug.c; sourceTree = "<group>"; };
		F36EBADB1E194E3000FB308B /* HubModuleDebug.h */ = {isa = PBXFileReference; fileEncoding = 4; lastKnownFileType = sourcecode.c.h; path = HubModuleDebug.h; sourceTree = "<group>"; };
		F388286A1E9B9CA500E6D7A3 /* HubArchExpressions.c */ = {isa = PBXFileReference; fileEncoding = 4; lastKnownFileType = sourcecode.c.c; path = HubArchExpressions.c; sourceTree = "<group>"; };
		F388286B1E9B9CA500E6D7A3 /* HubArchExpressions.h */ = {isa = PBXFileReference; fileEncoding = 4; lastKnownFileType = sourcecode.c.h; path = HubArchExpressions.h; sourceTree = "<group>"; };
		F3C5664C1E0FB3C000A32123 /* HubProcessorComponent.c */ = {isa = PBXFileReference; fileEncoding = 4; lastKnownFileType = sourcecode.c.c; path = HubProcessorComponent.c; sourceTree = "<group>"; };
		F3C5664D1E0FB3C000A32123 /* HubProcessorComponent.h */ = {isa = PBXFileReference; fileEncoding = 4; lastKnownFileType = sourcecode.c.h; path = HubProcessorComponent.h; sourceTree = "<group>"; };
		F3C5664F1E0FCD1400A32123 /* HubSystem.c */ = {isa = PBXFileReference; fileEncoding = 4; lastKnownFileType = sourcecode.c.c; path = HubSystem.c; sourceTree = "<group>"; };
		F3C566501E0FCD1400A32123 /* HubSystem.h */ = {isa = PBXFileReference; fileEncoding = 4; lastKnownFileType = sourcecode.c.h; path = HubSystem.h; sourceTree = "<group>"; };
		F3DBAA1C1DF3B8B300AFF30A /* HubArchPort.h */ = {isa = PBXFileReference; fileEncoding = 4; lastKnownFileType = sourcecode.c.h; path = HubArchPort.h; sourceTree = "<group>"; };
		F3DBAA1F1DF3C1F400AFF30A /* HubArchPort.c */ = {isa = PBXFileReference; fileEncoding = 4; lastKnownFileType = sourcecode.c.c; path = HubArchPort.c; sourceTree = "<group>"; };
		F3E8BDFA1E33D670002523DF /* HubModule.c */ = {isa = PBXFileReference; fileEncoding = 4; lastKnownFileType = sourcecode.c.c; path = HubModule.c; sourceTree = "<group>"; };
		F3E8BDFB1E33D670002523DF /* HubModule.h */ = {isa = PBXFileReference; fileEncoding = 4; lastKnownFileType = sourcecode.c.h; path = HubModule.h; sourceTree = "<group>"; };
		F3F4922D1DE6E5B30046A391 /* HubArchProcessor.c */ = {isa = PBXFileReference; fileEncoding = 4; lastKnownFileType = sourcecode.c.c; path = HubArchProcessor.c; sourceTree = "<group>"; };
		F3F4922E1DE6E5B30046A391 /* HubArchProcessor.h */ = {isa = PBXFileReference; fileEncoding = 4; lastKnownFileType = sourcecode.c.h; path = HubArchProcessor.h; sourceTree = "<group>"; };
		F3F492311DE79C5F0046A391 /* HubArchInstructionTests.m */ = {isa = PBXFileReference; fileEncoding = 4; lastKnownFileType = sourcecode.c.objc; path = HubArchInstructionTests.m; sourceTree = "<group>"; };
/* End PBXFileReference section */

/* Begin PBXFrameworksBuildPhase section */
		F34876F71DDC2E500068844D /* Frameworks */ = {
			isa = PBXFrameworksBuildPhase;
			buildActionMask = 2147483647;
			files = (
				F34877441DDC52E50068844D /* Blob2D.framework in Frameworks */,
				F3ECD0041E0B4236007343C2 /* CommonGameKit.framework in Frameworks */,
				F3ECD0051E0B423B007343C2 /* CommonC.framework in Frameworks */,
			);
			runOnlyForDeploymentPostprocessing = 0;
		};
		F348770A1DDC2E500068844D /* Frameworks */ = {
			isa = PBXFrameworksBuildPhase;
			buildActionMask = 2147483647;
			files = (
				F34877FB1DDC75850068844D /* CommonGameKit.framework in Frameworks */,
				F34877FA1DDC75820068844D /* CommonC.framework in Frameworks */,
				F34877F91DDC757E0068844D /* Blob2D.framework in Frameworks */,
			);
			runOnlyForDeploymentPostprocessing = 0;
		};
		F34877151DDC2E500068844D /* Frameworks */ = {
			isa = PBXFrameworksBuildPhase;
			buildActionMask = 2147483647;
			files = (
			);
			runOnlyForDeploymentPostprocessing = 0;
		};
/* End PBXFrameworksBuildPhase section */

/* Begin PBXGroup section */
		F34876F11DDC2E500068844D = {
			isa = PBXGroup;
			children = (
				F317030C1E0BA3E000476E7A /* assets */,
				F34877351DDC51440068844D /* Dependencies */,
				F34876FC1DDC2E500068844D /* HackingGame */,
				F34877101DDC2E500068844D /* HackingGameTests */,
				F348771B1DDC2E500068844D /* HackingGameUITests */,
				F34876FB1DDC2E500068844D /* Products */,
			);
			sourceTree = "<group>";
		};
		F34876FB1DDC2E500068844D /* Products */ = {
			isa = PBXGroup;
			children = (
				F34876FA1DDC2E500068844D /* HackingGame.app */,
				F348770D1DDC2E500068844D /* HackingGameTests.xctest */,
				F34877181DDC2E500068844D /* HackingGameUITests.xctest */,
			);
			name = Products;
			sourceTree = "<group>";
		};
		F34876FC1DDC2E500068844D /* HackingGame */ = {
			isa = PBXGroup;
			children = (
				F34877011DDC2E500068844D /* main.c */,
				F34877E91DDC6B0E0068844D /* Hub */,
				F348772A1DDC31230068844D /* Supporting Files */,
			);
			name = HackingGame;
			path = src;
			sourceTree = "<group>";
		};
		F34877101DDC2E500068844D /* HackingGameTests */ = {
			isa = PBXGroup;
			children = (
				F34877F71DDC73BA0068844D /* Hub */,
				F34877F61DDC73B20068844D /* Supporting Files */,
			);
			path = HackingGameTests;
			sourceTree = "<group>";
		};
		F348771B1DDC2E500068844D /* HackingGameUITests */ = {
			isa = PBXGroup;
			children = (
				F34877F81DDC73C20068844D /* Supporting Files */,
			);
			path = HackingGameUITests;
			sourceTree = "<group>";
		};
		F348772A1DDC31230068844D /* Supporting Files */ = {
			isa = PBXGroup;
			children = (
				F34877031DDC2E500068844D /* Assets.xcassets */,
				F34877081DDC2E500068844D /* Info.plist */,
			);
			name = "Supporting Files";
			sourceTree = "<group>";
		};
		F34877351DDC51440068844D /* Dependencies */ = {
			isa = PBXGroup;
			children = (
				F348774B1DDC53190068844D /* CommonGameKit.framework */,
				F34877491DDC53150068844D /* CommonC.framework */,
				F34877361DDC52CD0068844D /* Blob2D.xcodeproj */,
			);
			name = Dependencies;
			sourceTree = "<group>";
		};
		F34877371DDC52CD0068844D /* Products */ = {
			isa = PBXGroup;
			children = (
				F34877411DDC52CE0068844D /* Blob2D.framework */,
				F34877431DDC52CE0068844D /* Blob2D.xctest */,
			);
			name = Products;
			sourceTree = "<group>";
		};
		F34877E91DDC6B0E0068844D /* Hub */ = {
			isa = PBXGroup;
			children = (
				F3C5664A1E0FB37E00A32123 /* Components */,
				F3C5664B1E0FB37E00A32123 /* System */,
				F36EBAD91E194CD600FB308B /* Modules */,
				F34877FF1DE201FE0068844D /* HubArchInstruction.c */,
				F34878001DE201FE0068844D /* HubArchInstruction.h */,
				F34877EA1DDC6BCD0068844D /* HubArchAssembly.c */,
				F34877EB1DDC6BCD0068844D /* HubArchAssembly.h */,
				F34877FC1DDDFBF80068844D /* HubArchBinary.c */,
				F34877FD1DDDFBF80068844D /* HubArchBinary.h */,
				F3F4922D1DE6E5B30046A391 /* HubArchProcessor.c */,
				F3F4922E1DE6E5B30046A391 /* HubArchProcessor.h */,
				F3DBAA1F1DF3C1F400AFF30A /* HubArchPort.c */,
				F3DBAA1C1DF3B8B300AFF30A /* HubArchPort.h */,
				F341E9321E04454000581CF8 /* HubArchScheduler.c */,
				F341E9331E04454000581CF8 /* HubArchScheduler.h */,
				F388286A1E9B9CA500E6D7A3 /* HubArchExpressions.c */,
				F388286B1E9B9CA500E6D7A3 /* HubArchExpressions.h */,
			);
			name = Hub;
			path = hub;
			sourceTree = "<group>";
		};
		F34877F61DDC73B20068844D /* Supporting Files */ = {
			isa = PBXGroup;
			children = (
				F34877131DDC2E500068844D /* Info.plist */,
			);
			name = "Supporting Files";
			sourceTree = "<group>";
		};
		F34877F71DDC73BA0068844D /* Hub */ = {
			isa = PBXGroup;
			children = (
				F34877F31DDC73A40068844D /* HubArchAssemblyTests.m */,
				F3F492311DE79C5F0046A391 /* HubArchInstructionTests.m */,
				F32039A31E87BE4500280DC9 /* HubArchDebuggingTests.m */,
				F34BB7DB1E4BE0DF00DEE072 /* HubModuleKeyboardTests.m */,
				F3653F961E600A51002AB66D /* HubModuleDisplayTests.m */,
				F32039A01E845BDA00280DC9 /* HubModuleWirelessTransceiver.m */,
			);
			name = Hub;
			sourceTree = "<group>";
		};
		F34877F81DDC73C20068844D /* Supporting Files */ = {
			isa = PBXGroup;
			children = (
				F348771E1DDC2E500068844D /* Info.plist */,
			);
			name = "Supporting Files";
			sourceTree = "<group>";
		};
		F36EBAD91E194CD600FB308B /* Modules */ = {
			isa = PBXGroup;
			children = (
				F3E8BDFA1E33D670002523DF /* HubModule.c */,
				F3E8BDFB1E33D670002523DF /* HubModule.h */,
				F36EBADA1E194E3000FB308B /* HubModuleDebug.c */,
				F36EBADB1E194E3000FB308B /* HubModuleDebug.h */,
				F36954FF1E48A6A000135AF0 /* HubModuleKeyboard.c */,
				F36955001E48A6A000135AF0 /* HubModuleKeyboard.h */,
				F3653F861E5A963E002AB66D /* HubModuleDisplay.c */,
				F3653F871E5A963E002AB66D /* HubModuleDisplay.h */,
				F31CB6471E7FD04300C85B0D /* HubModuleWirelessTransceiver.c */,
				F31CB6481E7FD04300C85B0D /* HubModuleWirelessTransceiver.h */,
			);
			name = Modules;
			path = modules;
			sourceTree = "<group>";
		};
		F3C5664A1E0FB37E00A32123 /* Components */ = {
			isa = PBXGroup;
			children = (
				F3C5664C1E0FB3C000A32123 /* HubProcessorComponent.c */,
				F3C5664D1E0FB3C000A32123 /* HubProcessorComponent.h */,
				F30DE0571EBB4B5100C6F845 /* HubDebuggerComponent.c */,
				F30DE0581EBB4B5100C6F845 /* HubDebuggerComponent.h */,
				F34967FB1E219DC300801704 /* HubModuleComponent.c */,
				F34967FC1E219DC300801704 /* HubModuleComponent.h */,
				F308E5B91E7E61360011F892 /* HubModuleKeyboardComponent.c */,
				F308E5BA1E7E61360011F892 /* HubModuleKeyboardComponent.h */,
				F32039A51E8A788300280DC9 /* HubModuleDisplayComponent.c */,
				F32039A61E8A788300280DC9 /* HubModuleDisplayComponent.h */,
				F305A5EF1E8CFAAC00890EED /* HubModuleWirelessTransceiverComponent.c */,
				F305A5F01E8CFAAC00890EED /* HubModuleWirelessTransceiverComponent.h */,
			);
			name = Components;
			path = components;
			sourceTree = "<group>";
		};
		F3C5664B1E0FB37E00A32123 /* System */ = {
			isa = PBXGroup;
			children = (
				F3C5664F1E0FCD1400A32123 /* HubSystem.c */,
				F3C566501E0FCD1400A32123 /* HubSystem.h */,
			);
			name = System;
			path = system;
			sourceTree = "<group>";
		};
/* End PBXGroup section */

/* Begin PBXNativeTarget section */
		F34876F91DDC2E500068844D /* HackingGame */ = {
			isa = PBXNativeTarget;
			buildConfigurationList = F34877211DDC2E500068844D /* Build configuration list for PBXNativeTarget "HackingGame" */;
			buildPhases = (
				F34876F61DDC2E500068844D /* Sources */,
				F34876F71DDC2E500068844D /* Frameworks */,
				F34876F81DDC2E500068844D /* Resources */,
				F34877541DDC54CF0068844D /* Copy Frameworks */,
			);
			buildRules = (
			);
			dependencies = (
				F348774E1DDC53220068844D /* PBXTargetDependency */,
			);
			name = HackingGame;
			productName = HackingGame;
			productReference = F34876FA1DDC2E500068844D /* HackingGame.app */;
			productType = "com.apple.product-type.application";
		};
		F348770C1DDC2E500068844D /* HackingGameTests */ = {
			isa = PBXNativeTarget;
			buildConfigurationList = F34877241DDC2E500068844D /* Build configuration list for PBXNativeTarget "HackingGameTests" */;
			buildPhases = (
				F34877091DDC2E500068844D /* Sources */,
				F348770A1DDC2E500068844D /* Frameworks */,
				F348770B1DDC2E500068844D /* Resources */,
			);
			buildRules = (
			);
			dependencies = (
				F348770F1DDC2E500068844D /* PBXTargetDependency */,
			);
			name = HackingGameTests;
			productName = HackingGameTests;
			productReference = F348770D1DDC2E500068844D /* HackingGameTests.xctest */;
			productType = "com.apple.product-type.bundle.unit-test";
		};
		F34877171DDC2E500068844D /* HackingGameUITests */ = {
			isa = PBXNativeTarget;
			buildConfigurationList = F34877271DDC2E500068844D /* Build configuration list for PBXNativeTarget "HackingGameUITests" */;
			buildPhases = (
				F34877141DDC2E500068844D /* Sources */,
				F34877151DDC2E500068844D /* Frameworks */,
				F34877161DDC2E500068844D /* Resources */,
			);
			buildRules = (
			);
			dependencies = (
				F348771A1DDC2E500068844D /* PBXTargetDependency */,
			);
			name = HackingGameUITests;
			productName = HackingGameUITests;
			productReference = F34877181DDC2E500068844D /* HackingGameUITests.xctest */;
			productType = "com.apple.product-type.bundle.ui-testing";
		};
/* End PBXNativeTarget section */

/* Begin PBXProject section */
		F34876F21DDC2E500068844D /* Project object */ = {
			isa = PBXProject;
			attributes = {
				LastUpgradeCheck = 0720;
				ORGANIZATIONNAME = "Stefan Johnson";
				TargetAttributes = {
					F34876F91DDC2E500068844D = {
						CreatedOnToolsVersion = 7.2;
					};
					F348770C1DDC2E500068844D = {
						CreatedOnToolsVersion = 7.2;
						TestTargetID = F34876F91DDC2E500068844D;
					};
					F34877171DDC2E500068844D = {
						CreatedOnToolsVersion = 7.2;
						TestTargetID = F34876F91DDC2E500068844D;
					};
				};
			};
			buildConfigurationList = F34876F51DDC2E500068844D /* Build configuration list for PBXProject "HackingGame" */;
			compatibilityVersion = "Xcode 3.2";
			developmentRegion = English;
			hasScannedForEncodings = 0;
			knownRegions = (
				en,
				Base,
			);
			mainGroup = F34876F11DDC2E500068844D;
			productRefGroup = F34876FB1DDC2E500068844D /* Products */;
			projectDirPath = "";
			projectReferences = (
				{
					ProductGroup = F34877371DDC52CD0068844D /* Products */;
					ProjectRef = F34877361DDC52CD0068844D /* Blob2D.xcodeproj */;
				},
			);
			projectRoot = "";
			targets = (
				F34876F91DDC2E500068844D /* HackingGame */,
				F348770C1DDC2E500068844D /* HackingGameTests */,
				F34877171DDC2E500068844D /* HackingGameUITests */,
			);
		};
/* End PBXProject section */

/* Begin PBXReferenceProxy section */
		F34877411DDC52CE0068844D /* Blob2D.framework */ = {
			isa = PBXReferenceProxy;
			fileType = wrapper.framework;
			path = Blob2D.framework;
			remoteRef = F34877401DDC52CE0068844D /* PBXContainerItemProxy */;
			sourceTree = BUILT_PRODUCTS_DIR;
		};
		F34877431DDC52CE0068844D /* Blob2D.xctest */ = {
			isa = PBXReferenceProxy;
			fileType = wrapper.cfbundle;
			path = Blob2D.xctest;
			remoteRef = F34877421DDC52CE0068844D /* PBXContainerItemProxy */;
			sourceTree = BUILT_PRODUCTS_DIR;
		};
/* End PBXReferenceProxy section */

/* Begin PBXResourcesBuildPhase section */
		F34876F81DDC2E500068844D /* Resources */ = {
			isa = PBXResourcesBuildPhase;
			buildActionMask = 2147483647;
			files = (
				F34877041DDC2E500068844D /* Assets.xcassets in Resources */,
				F317030D1E0BA3E000476E7A /* assets in Resources */,
			);
			runOnlyForDeploymentPostprocessing = 0;
		};
		F348770B1DDC2E500068844D /* Resources */ = {
			isa = PBXResourcesBuildPhase;
			buildActionMask = 2147483647;
			files = (
			);
			runOnlyForDeploymentPostprocessing = 0;
		};
		F34877161DDC2E500068844D /* Resources */ = {
			isa = PBXResourcesBuildPhase;
			buildActionMask = 2147483647;
			files = (
			);
			runOnlyForDeploymentPostprocessing = 0;
		};
/* End PBXResourcesBuildPhase section */

/* Begin PBXSourcesBuildPhase section */
		F34876F61DDC2E500068844D /* Sources */ = {
			isa = PBXSourcesBuildPhase;
			buildActionMask = 2147483647;
			files = (
				F34878011DE201FE0068844D /* HubArchInstruction.c in Sources */,
				F3E8BDFC1E33D670002523DF /* HubModule.c in Sources */,
				F3653F881E5A963E002AB66D /* HubModuleDisplay.c in Sources */,
				F3C5664E1E0FB3C100A32123 /* HubProcessorComponent.c in Sources */,
				F34877FE1DDDFBF80068844D /* HubArchBinary.c in Sources */,
				F341E9341E04454000581CF8 /* HubArchScheduler.c in Sources */,
				F388286C1E9B9CA500E6D7A3 /* HubArchExpressions.c in Sources */,
				F34877EC1DDC6BCD0068844D /* HubArchAssembly.c in Sources */,
				F3F4922F1DE6E5B30046A391 /* HubArchProcessor.c in Sources */,
				F31CB6491E7FD04300C85B0D /* HubModuleWirelessTransceiver.c in Sources */,
				F3C566511E0FCD1400A32123 /* HubSystem.c in Sources */,
				F305A5F11E8CFAAC00890EED /* HubModuleWirelessTransceiverComponent.c in Sources */,
				F36EBADC1E194E3000FB308B /* HubModuleDebug.c in Sources */,
				F30DE0591EBB4B5100C6F845 /* HubDebuggerComponent.c in Sources */,
				F3DBAA201DF3C1F400AFF30A /* HubArchPort.c in Sources */,
				F36955011E48A6A000135AF0 /* HubModuleKeyboard.c in Sources */,
				F34877021DDC2E500068844D /* main.c in Sources */,
				F34967FD1E219DC300801704 /* HubModuleComponent.c in Sources */,
				F308E5BB1E7E61360011F892 /* HubModuleKeyboardComponent.c in Sources */,
				F32039A71E8A788300280DC9 /* HubModuleDisplayComponent.c in Sources */,
			);
			runOnlyForDeploymentPostprocessing = 0;
		};
		F34877091DDC2E500068844D /* Sources */ = {
			isa = PBXSourcesBuildPhase;
			buildActionMask = 2147483647;
			files = (
				F32039A41E87BE4500280DC9 /* HubArchDebuggingTests.m in Sources */,
				F3653F971E600A51002AB66D /* HubModuleDisplayTests.m in Sources */,
				F3F492321DE79C5F0046A391 /* HubArchInstructionTests.m in Sources */,
				F34BB7DC1E4BE0DF00DEE072 /* HubModuleKeyboardTests.m in Sources */,
				F32039A11E845BDA00280DC9 /* HubModuleWirelessTransceiver.m in Sources */,
				F34877F41DDC73A50068844D /* HubArchAssemblyTests.m in Sources */,
			);
			runOnlyForDeploymentPostprocessing = 0;
		};
		F34877141DDC2E500068844D /* Sources */ = {
			isa = PBXSourcesBuildPhase;
			buildActionMask = 2147483647;
			files = (
			);
			runOnlyForDeploymentPostprocessing = 0;
		};
/* End PBXSourcesBuildPhase section */

/* Begin PBXTargetDependency section */
		F348770F1DDC2E500068844D /* PBXTargetDependency */ = {
			isa = PBXTargetDependency;
			target = F34876F91DDC2E500068844D /* HackingGame */;
			targetProxy = F348770E1DDC2E500068844D /* PBXContainerItemProxy */;
		};
		F348771A1DDC2E500068844D /* PBXTargetDependency */ = {
			isa = PBXTargetDependency;
			target = F34876F91DDC2E500068844D /* HackingGame */;
			targetProxy = F34877191DDC2E500068844D /* PBXContainerItemProxy */;
		};
		F348774E1DDC53220068844D /* PBXTargetDependency */ = {
			isa = PBXTargetDependency;
			name = Blob2D;
			targetProxy = F348774D1DDC53220068844D /* PBXContainerItemProxy */;
		};
/* End PBXTargetDependency section */

/* Begin XCBuildConfiguration section */
		F348771F1DDC2E500068844D /* Debug */ = {
			isa = XCBuildConfiguration;
			buildSettings = {
				ALWAYS_SEARCH_USER_PATHS = NO;
				CLANG_CXX_LANGUAGE_STANDARD = "gnu++0x";
				CLANG_CXX_LIBRARY = "libc++";
				CLANG_ENABLE_MODULES = YES;
				CLANG_ENABLE_OBJC_ARC = YES;
				CLANG_WARN_BOOL_CONVERSION = YES;
				CLANG_WARN_CONSTANT_CONVERSION = YES;
				CLANG_WARN_DIRECT_OBJC_ISA_USAGE = YES_ERROR;
				CLANG_WARN_EMPTY_BODY = YES;
				CLANG_WARN_ENUM_CONVERSION = YES;
				CLANG_WARN_INT_CONVERSION = YES;
				CLANG_WARN_OBJC_ROOT_CLASS = YES_ERROR;
				CLANG_WARN_UNREACHABLE_CODE = YES;
				CLANG_WARN__DUPLICATE_METHOD_MATCH = YES;
				CODE_SIGN_IDENTITY = "-";
				COPY_PHASE_STRIP = NO;
				DEBUG_INFORMATION_FORMAT = dwarf;
				ENABLE_STRICT_OBJC_MSGSEND = YES;
				ENABLE_TESTABILITY = YES;
				GCC_C_LANGUAGE_STANDARD = gnu99;
				GCC_DYNAMIC_NO_PIC = NO;
				GCC_NO_COMMON_BLOCKS = YES;
				GCC_OPTIMIZATION_LEVEL = 0;
				GCC_PREPROCESSOR_DEFINITIONS = (
					"DEBUG=1",
					"$(inherited)",
				);
				GCC_WARN_64_TO_32_BIT_CONVERSION = YES;
				GCC_WARN_ABOUT_RETURN_TYPE = YES_ERROR;
				GCC_WARN_UNDECLARED_SELECTOR = YES;
				GCC_WARN_UNINITIALIZED_AUTOS = YES_AGGRESSIVE;
				GCC_WARN_UNUSED_FUNCTION = YES;
				GCC_WARN_UNUSED_VARIABLE = YES;
				MACOSX_DEPLOYMENT_TARGET = 10.10;
				MTL_ENABLE_DEBUG_INFO = YES;
				ONLY_ACTIVE_ARCH = YES;
				SDKROOT = macosx;
			};
			name = Debug;
		};
		F34877201DDC2E500068844D /* Release */ = {
			isa = XCBuildConfiguration;
			buildSettings = {
				ALWAYS_SEARCH_USER_PATHS = NO;
				CLANG_CXX_LANGUAGE_STANDARD = "gnu++0x";
				CLANG_CXX_LIBRARY = "libc++";
				CLANG_ENABLE_MODULES = YES;
				CLANG_ENABLE_OBJC_ARC = YES;
				CLANG_WARN_BOOL_CONVERSION = YES;
				CLANG_WARN_CONSTANT_CONVERSION = YES;
				CLANG_WARN_DIRECT_OBJC_ISA_USAGE = YES_ERROR;
				CLANG_WARN_EMPTY_BODY = YES;
				CLANG_WARN_ENUM_CONVERSION = YES;
				CLANG_WARN_INT_CONVERSION = YES;
				CLANG_WARN_OBJC_ROOT_CLASS = YES_ERROR;
				CLANG_WARN_UNREACHABLE_CODE = YES;
				CLANG_WARN__DUPLICATE_METHOD_MATCH = YES;
				CODE_SIGN_IDENTITY = "-";
				COPY_PHASE_STRIP = NO;
				DEBUG_INFORMATION_FORMAT = "dwarf-with-dsym";
				ENABLE_NS_ASSERTIONS = NO;
				ENABLE_STRICT_OBJC_MSGSEND = YES;
				GCC_C_LANGUAGE_STANDARD = gnu99;
				GCC_NO_COMMON_BLOCKS = YES;
				GCC_WARN_64_TO_32_BIT_CONVERSION = YES;
				GCC_WARN_ABOUT_RETURN_TYPE = YES_ERROR;
				GCC_WARN_UNDECLARED_SELECTOR = YES;
				GCC_WARN_UNINITIALIZED_AUTOS = YES_AGGRESSIVE;
				GCC_WARN_UNUSED_FUNCTION = YES;
				GCC_WARN_UNUSED_VARIABLE = YES;
				MACOSX_DEPLOYMENT_TARGET = 10.10;
				MTL_ENABLE_DEBUG_INFO = NO;
				SDKROOT = macosx;
			};
			name = Release;
		};
		F34877221DDC2E500068844D /* Debug */ = {
			isa = XCBuildConfiguration;
			buildSettings = {
				ASSETCATALOG_COMPILER_APPICON_NAME = AppIcon;
				CLANG_ALLOW_NON_MODULAR_INCLUDES_IN_FRAMEWORK_MODULES = YES;
				COMBINE_HIDPI_IMAGES = YES;
				DYLIB_INSTALL_NAME_BASE = "";
				FRAMEWORK_SEARCH_PATHS = (
					"$(inherited)",
					"$(PROJECT_DIR)/deps/Blob2D/deps/CommonGameKit/deps/CommonC/build/Debug",
					"$(PROJECT_DIR)/deps/Blob2D/deps/CommonGameKit/build/Debug",
				);
				HEADER_SEARCH_PATHS = (
					$PROJECT_DIR/deps/Blob2D/deps/CommonGameKit/deps/threads,
					$PROJECT_DIR/deps/Blob2D/deps/CommonGameKit/deps/stdatomic,
					$PROJECT_DIR/deps/Blob2D/deps/CommonGameKit/deps/tinycthread/source,
				);
				INFOPLIST_FILE = "$(SRCROOT)/src/mac/Info.plist";
				LD_DYLIB_INSTALL_NAME = "";
				LD_RUNPATH_SEARCH_PATHS = "$(inherited) @executable_path/../Frameworks @executable_path/../Frameworks/Blob2D.framework/Versions/A/Frameworks @executable_path/../Frameworks/Blob2D.framework/Versions/A/Frameworks/CommonGameKit.framework/Versions/A/Frameworks";
				PRODUCT_BUNDLE_IDENTIFIER = io.scrimpycat.HackingGame;
				PRODUCT_NAME = "$(TARGET_NAME)";
				WARNING_CFLAGS = "-Wno-ambiguous-macro";
			};
			name = Debug;
		};
		F34877231DDC2E500068844D /* Release */ = {
			isa = XCBuildConfiguration;
			buildSettings = {
				ASSETCATALOG_COMPILER_APPICON_NAME = AppIcon;
				CLANG_ALLOW_NON_MODULAR_INCLUDES_IN_FRAMEWORK_MODULES = YES;
				COMBINE_HIDPI_IMAGES = YES;
				DYLIB_INSTALL_NAME_BASE = "";
				FRAMEWORK_SEARCH_PATHS = (
					"$(inherited)",
					"$(PROJECT_DIR)/deps/Blob2D/deps/CommonGameKit/deps/CommonC/build/Debug",
					"$(PROJECT_DIR)/deps/Blob2D/deps/CommonGameKit/build/Debug",
				);
				HEADER_SEARCH_PATHS = (
					$PROJECT_DIR/deps/Blob2D/deps/CommonGameKit/deps/threads,
					$PROJECT_DIR/deps/Blob2D/deps/CommonGameKit/deps/stdatomic,
					$PROJECT_DIR/deps/Blob2D/deps/CommonGameKit/deps/tinycthread/source,
				);
				INFOPLIST_FILE = "$(SRCROOT)/src/mac/Info.plist";
				LD_DYLIB_INSTALL_NAME = "";
				LD_RUNPATH_SEARCH_PATHS = "$(inherited) @executable_path/../Frameworks @executable_path/../Frameworks/Blob2D.framework/Versions/A/Frameworks @executable_path/../Frameworks/Blob2D.framework/Versions/A/Frameworks/CommonGameKit.framework/Versions/A/Frameworks";
				PRODUCT_BUNDLE_IDENTIFIER = io.scrimpycat.HackingGame;
				PRODUCT_NAME = "$(TARGET_NAME)";
				WARNING_CFLAGS = "-Wno-ambiguous-macro";
			};
			name = Release;
		};
		F34877251DDC2E500068844D /* Debug */ = {
			isa = XCBuildConfiguration;
			buildSettings = {
				BUNDLE_LOADER = "$(TEST_HOST)";
				COMBINE_HIDPI_IMAGES = YES;
				HEADER_SEARCH_PATHS = (
					$PROJECT_DIR/deps/Blob2D/deps/CommonGameKit/deps/threads,
					$PROJECT_DIR/deps/Blob2D/deps/CommonGameKit/deps/stdatomic,
					$PROJECT_DIR/deps/Blob2D/deps/CommonGameKit/deps/tinycthread/source,
				);
				INFOPLIST_FILE = HackingGameTests/Info.plist;
				LD_RUNPATH_SEARCH_PATHS = "$(inherited) @executable_path/../Frameworks @loader_path/../Frameworks";
				PRODUCT_BUNDLE_IDENTIFIER = me.HackingGameTests;
				PRODUCT_NAME = "$(TARGET_NAME)";
				TEST_HOST = "$(BUILT_PRODUCTS_DIR)/HackingGame.app/Contents/MacOS/HackingGame";
			};
			name = Debug;
		};
		F34877261DDC2E500068844D /* Release */ = {
			isa = XCBuildConfiguration;
			buildSettings = {
				BUNDLE_LOADER = "$(TEST_HOST)";
				COMBINE_HIDPI_IMAGES = YES;
				HEADER_SEARCH_PATHS = (
					$PROJECT_DIR/deps/Blob2D/deps/CommonGameKit/deps/threads,
					$PROJECT_DIR/deps/Blob2D/deps/CommonGameKit/deps/stdatomic,
					$PROJECT_DIR/deps/Blob2D/deps/CommonGameKit/deps/tinycthread/source,
				);
				INFOPLIST_FILE = HackingGameTests/Info.plist;
				LD_RUNPATH_SEARCH_PATHS = "$(inherited) @executable_path/../Frameworks @loader_path/../Frameworks";
				PRODUCT_BUNDLE_IDENTIFIER = me.HackingGameTests;
				PRODUCT_NAME = "$(TARGET_NAME)";
				TEST_HOST = "$(BUILT_PRODUCTS_DIR)/HackingGame.app/Contents/MacOS/HackingGame";
			};
			name = Release;
		};
		F34877281DDC2E500068844D /* Debug */ = {
			isa = XCBuildConfiguration;
			buildSettings = {
				COMBINE_HIDPI_IMAGES = YES;
				INFOPLIST_FILE = HackingGameUITests/Info.plist;
				LD_RUNPATH_SEARCH_PATHS = "$(inherited) @executable_path/../Frameworks @loader_path/../Frameworks";
				PRODUCT_BUNDLE_IDENTIFIER = me.HackingGameUITests;
				PRODUCT_NAME = "$(TARGET_NAME)";
				TEST_TARGET_NAME = HackingGame;
				USES_XCTRUNNER = YES;
			};
			name = Debug;
		};
		F34877291DDC2E500068844D /* Release */ = {
			isa = XCBuildConfiguration;
			buildSettings = {
				COMBINE_HIDPI_IMAGES = YES;
				INFOPLIST_FILE = HackingGameUITests/Info.plist;
				LD_RUNPATH_SEARCH_PATHS = "$(inherited) @executable_path/../Frameworks @loader_path/../Frameworks";
				PRODUCT_BUNDLE_IDENTIFIER = me.HackingGameUITests;
				PRODUCT_NAME = "$(TARGET_NAME)";
				TEST_TARGET_NAME = HackingGame;
				USES_XCTRUNNER = YES;
			};
			name = Release;
		};
/* End XCBuildConfiguration section */

/* Begin XCConfigurationList section */
		F34876F51DDC2E500068844D /* Build configuration list for PBXProject "HackingGame" */ = {
			isa = XCConfigurationList;
			buildConfigurations = (
				F348771F1DDC2E500068844D /* Debug */,
				F34877201DDC2E500068844D /* Release */,
			);
			defaultConfigurationIsVisible = 0;
			defaultConfigurationName = Release;
		};
		F34877211DDC2E500068844D /* Build configuration list for PBXNativeTarget "HackingGame" */ = {
			isa = XCConfigurationList;
			buildConfigurations = (
				F34877221DDC2E500068844D /* Debug */,
				F34877231DDC2E500068844D /* Release */,
			);
			defaultConfigurationIsVisible = 0;
			defaultConfigurationName = Release;
		};
		F34877241DDC2E500068844D /* Build configuration list for PBXNativeTarget "HackingGameTests" */ = {
			isa = XCConfigurationList;
			buildConfigurations = (
				F34877251DDC2E500068844D /* Debug */,
				F34877261DDC2E500068844D /* Release */,
			);
			defaultConfigurationIsVisible = 0;
			defaultConfigurationName = Release;
		};
		F34877271DDC2E500068844D /* Build configuration list for PBXNativeTarget "HackingGameUITests" */ = {
			isa = XCConfigurationList;
			buildConfigurations = (
				F34877281DDC2E500068844D /* Debug */,
				F34877291DDC2E500068844D /* Release */,
			);
			defaultConfigurationIsVisible = 0;
			defaultConfigurationName = Release;
		};
/* End XCConfigurationList section */
	};
	rootObject = F34876F21DDC2E500068844D /* Project object */;
}
